
Microsoft Visual Studio Solution File, Format Version 12.00
# Visual Studio 15
VisualStudioVersion = 15.0.28307.902
MinimumVisualStudioVersion = 10.0.40219.1
Project("{FAE04EC0-301F-11D3-BF4B-00C04F79EFBC}") = "QuickGrep", "QuickGrep\QuickGrep.csproj", "{D93C36E8-38B6-468D-8375-303F775F601D}"
EndProject
Project("{FAE04EC0-301F-11D3-BF4B-00C04F79EFBC}") = "QuickGrep.Console", "QuickGrep.Console\QuickGrep.Console.csproj", "{A9494C1C-1DC6-4826-B20B-D7673994B2A2}"
EndProject
Project("{FAE04EC0-301F-11D3-BF4B-00C04F79EFBC}") = "QuickGrep.Tests", "QuickGrep.Tests\QuickGrep.Tests.csproj", "{A2C77EEB-8D29-403C-A688-7913B080225B}"
EndProject
Global
	GlobalSection(SolutionConfigurationPlatforms) = preSolution
		Debug|Any CPU = Debug|Any CPU
		Release|Any CPU = Release|Any CPU
	EndGlobalSection
	GlobalSection(ProjectConfigurationPlatforms) = postSolution
		{D93C36E8-38B6-468D-8375-303F775F601D}.Debug|Any CPU.ActiveCfg = Debug|Any CPU
		{D93C36E8-38B6-468D-8375-303F775F601D}.Debug|Any CPU.Build.0 = Debug|Any CPU
		{D93C36E8-38B6-468D-8375-303F775F601D}.Release|Any CPU.ActiveCfg = Release|Any CPU
		{D93C36E8-38B6-468D-8375-303F775F601D}.Release|Any CPU.Build.0 = Release|Any CPU
		{A9494C1C-1DC6-4826-B20B-D7673994B2A2}.Debug|Any CPU.ActiveCfg = Debug|Any CPU
		{A9494C1C-1DC6-4826-B20B-D7673994B2A2}.Debug|Any CPU.Build.0 = Debug|Any CPU
		{A9494C1C-1DC6-4826-B20B-D7673994B2A2}.Release|Any CPU.ActiveCfg = Release|Any CPU
		{A9494C1C-1DC6-4826-B20B-D7673994B2A2}.Release|Any CPU.Build.0 = Release|Any CPU
		{A2C77EEB-8D29-403C-A688-7913B080225B}.Debug|Any CPU.ActiveCfg = Debug|Any CPU
		{A2C77EEB-8D29-403C-A688-7913B080225B}.Debug|Any CPU.Build.0 = Debug|Any CPU
		{A2C77EEB-8D29-403C-A688-7913B080225B}.Release|Any CPU.ActiveCfg = Release|Any CPU
		{A2C77EEB-8D29-403C-A688-7913B080225B}.Release|Any CPU.Build.0 = Release|Any CPU
	EndGlobalSection
	GlobalSection(SolutionProperties) = preSolution
		HideSolutionNode = FALSE
	EndGlobalSection
	GlobalSection(ExtensibilityGlobals) = postSolution
		SolutionGuid = {7FCBC550-1C5C-4C42-B132-D8A53CCC69FA}
	EndGlobalSection
EndGlobal
